
Microsoft Visual Studio Solution File, Format Version 12.00
# Visual Studio 15
VisualStudioVersion = 15.0.28307.329
MinimumVisualStudioVersion = 10.0.40219.1
Project("{FAE04EC0-301F-11D3-BF4B-00C04F79EFBC}") = "Lab03", "Lab03\Lab03.csproj", "{DEFA55E0-98A0-45DB-A6BA-69F84DD9BCBE}"
EndProject
Global
	GlobalSection(SolutionConfigurationPlatforms) = preSolution
		Debug|Any CPU = Debug|Any CPU
		Release|Any CPU = Release|Any CPU
	EndGlobalSection
	GlobalSection(ProjectConfigurationPlatforms) = postSolution
		{DEFA55E0-98A0-45DB-A6BA-69F84DD9BCBE}.Debug|Any CPU.ActiveCfg = Debug|Any CPU
		{DEFA55E0-98A0-45DB-A6BA-69F84DD9BCBE}.Debug|Any CPU.Build.0 = Debug|Any CPU
		{DEFA55E0-98A0-45DB-A6BA-69F84DD9BCBE}.Release|Any CPU.ActiveCfg = Release|Any CPU
		{DEFA55E0-98A0-45DB-A6BA-69F84DD9BCBE}.Release|Any CPU.Build.0 = Release|Any CPU
	EndGlobalSection
	GlobalSection(SolutionProperties) = preSolution
		HideSolutionNode = FALSE
	EndGlobalSection
	GlobalSection(ExtensibilityGlobals) = postSolution
		SolutionGuid = {6ABF25A5-9018-45EA-9B52-B4B156040DB1}
	EndGlobalSection
EndGlobal
